<?xml version="1.0" encoding="utf-8"?>
<Project ToolsVersion="4.0" xmlns="http://schemas.microsoft.com/developer/msbuild/2003">
  <ItemGroup>
    <Filter Include="99 Default">
      <UniqueIdentifier>{3503ebfd-e50a-4c62-a5b3-5c1ce252905c}</UniqueIdentifier>
    </Filter>
    <Filter Include="00 MainApp">
      <UniqueIdentifier>{4da7850c-b7c2-43b4-9c76-a58ba0c100cd}</UniqueIdentifier>
    </Filter>
    <Filter Include="99 Default\Resources">
      <UniqueIdentifier>{67DA6AB6-F800-4c08-8B7A-83BB121AAD01}</UniqueIdentifier>
      <Extensions>rc;ico;cur;bmp;dlg;rc2;rct;bin;rgs;gif;jpg;jpeg;jpe;resx;tiff;tif;png;wav;mfcribbon-ms</Extensions>
    </Filter>
    <Filter Include="01 GameObject">
      <UniqueIdentifier>{eec2ae1d-88f0-4042-bf09-a0569767da14}</UniqueIdentifier>
    </Filter>
    <Filter Include="02 Component">
      <UniqueIdentifier>{39fa5f6e-784a-470d-a71d-e55fce0e9c2e}</UniqueIdentifier>
    </Filter>
    <Filter Include="03 Scene">
      <UniqueIdentifier>{3004e4f4-1d6f-4dcc-a804-8289c7b3b7da}</UniqueIdentifier>
    </Filter>
    <Filter Include="98 Managers">
      <UniqueIdentifier>{856be6a2-f1a1-4f9d-8168-33ca76ffa374}</UniqueIdentifier>
    </Filter>
    <Filter Include="01 GameObject\00 Player">
      <UniqueIdentifier>{faf8a3d9-b6e8-440b-ab98-0e3116635796}</UniqueIdentifier>
    </Filter>
    <Filter Include="98 Managers\00 DeviceMgr">
      <UniqueIdentifier>{be8d446f-7961-40f5-a4ce-d817c2b1ef29}</UniqueIdentifier>
    </Filter>
    <Filter Include="98 Managers\01 TimerMgr">
      <UniqueIdentifier>{a07cebb3-93b3-4c3f-840a-27c8ec0bb780}</UniqueIdentifier>
    </Filter>
    <Filter Include="02 Component\00 Texture">
      <UniqueIdentifier>{923daee6-6bf8-486b-bfe6-95e7847d2e5d}</UniqueIdentifier>
    </Filter>
    <Filter Include="02 Component\01 Shader">
      <UniqueIdentifier>{9ed0645b-0220-4c7d-88b1-8b3b870c9be4}</UniqueIdentifier>
    </Filter>
    <Filter Include="97 Management">
      <UniqueIdentifier>{c3bc8480-fe2f-49a6-af00-cb5c4c5fa58a}</UniqueIdentifier>
    </Filter>
    <Filter Include="97 Management\00 GameMgr">
      <UniqueIdentifier>{b1261435-7e88-41b2-96f3-061fc5744781}</UniqueIdentifier>
    </Filter>
    <Filter Include="97 Management\01 Renderer">
      <UniqueIdentifier>{2c5e1aaf-348f-4b51-9fac-a77695737aa2}</UniqueIdentifier>
    </Filter>
    <Filter Include="03 Scene\00 Loading">
      <UniqueIdentifier>{3c558061-1467-435e-8c30-220f2907c45d}</UniqueIdentifier>
    </Filter>
    <Filter Include="03 Scene\00 Loading\Loading">
      <UniqueIdentifier>{a036067c-cc79-4764-b906-8ad4739a9667}</UniqueIdentifier>
    </Filter>
    <Filter Include="03 Scene\01 Title">
      <UniqueIdentifier>{834dfa1d-b270-46ab-a8cf-535a45b8a5b7}</UniqueIdentifier>
    </Filter>
    <Filter Include="98 Managers\02 InputMgr">
      <UniqueIdentifier>{f567a98a-bdf2-4d98-a632-b979c2e371c8}</UniqueIdentifier>
    </Filter>
    <Filter Include="98 Managers\03 ResourceMgr">
      <UniqueIdentifier>{de9e9a63-d558-4b06-ad8b-9bf0f223b3f0}</UniqueIdentifier>
    </Filter>
    <Filter Include="98 Managers\04 ShaderMgr">
      <UniqueIdentifier>{403a07e4-4181-4b00-ac5e-ad765bc0a46a}</UniqueIdentifier>
    </Filter>
    <Filter Include="98 Managers\05 TargetMgr">
      <UniqueIdentifier>{3faa3732-367b-4d89-ac15-4469f4090fe1}</UniqueIdentifier>
    </Filter>
    <Filter Include="98 Managers\05 TargetMgr\RenderTarget">
      <UniqueIdentifier>{3414deaf-656a-4a50-8ef6-91526bbefeae}</UniqueIdentifier>
    </Filter>
    <Filter Include="98 Managers\99 NetworkMgr">
      <UniqueIdentifier>{050a9de3-aa61-4634-bec4-a38599083173}</UniqueIdentifier>
    </Filter>
    <Filter Include="02 Component\02 Animation">
      <UniqueIdentifier>{05848f33-ebed-4d6b-9198-1b1600c0527b}</UniqueIdentifier>
    </Filter>
    <Filter Include="01 GameObject\98 Camera">
      <UniqueIdentifier>{889f85bf-bb55-4890-92d6-b35e7f3c62fc}</UniqueIdentifier>
    </Filter>
    <Filter Include="01 GameObject\02 Bullet">
      <UniqueIdentifier>{d4cc6f54-8895-409a-b187-175c41f1fdbb}</UniqueIdentifier>
    </Filter>
    <Filter Include="01 GameObject\01 Weapon">
      <UniqueIdentifier>{bc7d8d84-eaeb-487f-949c-6da310218472}</UniqueIdentifier>
    </Filter>
    <Filter Include="01 GameObject\00 Player\NetworkPlayer">
      <UniqueIdentifier>{0e8679a5-f719-4e3f-adbb-4ae691bc76f0}</UniqueIdentifier>
    </Filter>
    <Filter Include="01 GameObject\00 Player\PlayerState">
      <UniqueIdentifier>{e6cc0baa-47ec-4149-8527-0134ae6aa740}</UniqueIdentifier>
    </Filter>
    <Filter Include="03 Scene\99 Test">
      <UniqueIdentifier>{b21067e9-3732-4c0b-96e5-296ad1361f8a}</UniqueIdentifier>
    </Filter>
    <Filter Include="03 Scene\02 Customize">
      <UniqueIdentifier>{d83d14c9-5b07-4f84-9d11-360a7e163f45}</UniqueIdentifier>
    </Filter>
    <Filter Include="02 Component\03 StateMachine">
      <UniqueIdentifier>{8c8c2f3f-0b3f-4932-8087-818b47168b50}</UniqueIdentifier>
    </Filter>
    <Filter Include="01 GameObject\04 UI">
      <UniqueIdentifier>{547d8434-8ce1-4170-9e82-980db35c54e1}</UniqueIdentifier>
    </Filter>
    <Filter Include="01 GameObject\04 UI\01 AnimatedSprite">
      <UniqueIdentifier>{248911ff-2cc6-464a-b524-fa057f156229}</UniqueIdentifier>
    </Filter>
    <Filter Include="01 GameObject\04 UI\00 StaticSprite">
      <UniqueIdentifier>{7f17eb75-e1aa-423f-8294-ed2c2c5daa74}</UniqueIdentifier>
    </Filter>
    <Filter Include="01 GameObject\04 UI\02 Font">
      <UniqueIdentifier>{454b9047-4acc-4edb-b874-ca5e0e873a56}</UniqueIdentifier>
    </Filter>
    <Filter Include="01 GameObject\04 UI\99 Customize">
      <UniqueIdentifier>{3507471a-42f0-4916-bb76-04114d361afd}</UniqueIdentifier>
    </Filter>
    <Filter Include="01 GameObject\04 UI\99 Customize\ColorButton">
      <UniqueIdentifier>{f5fa395d-41c6-4882-b0e9-1f4d09080589}</UniqueIdentifier>
    </Filter>
    <Filter Include="01 GameObject\04 UI\99 Customize\CustomPlayer">
      <UniqueIdentifier>{007a63d7-6fc8-4b05-ad5e-a3113f2a466c}</UniqueIdentifier>
    </Filter>
    <Filter Include="01 GameObject\04 UI\99 Customize\Postcard">
      <UniqueIdentifier>{03413aeb-5068-4a6c-935b-b303249f346d}</UniqueIdentifier>
    </Filter>
    <Filter Include="01 GameObject\03 Chest">
      <UniqueIdentifier>{fb95d0c2-dd19-4a61-a755-297dde516398}</UniqueIdentifier>
    </Filter>
    <Filter Include="01 GameObject\04 UI\04 Health">
      <UniqueIdentifier>{9045a90d-bb8d-47f2-8025-d1d70304654d}</UniqueIdentifier>
    </Filter>
    <Filter Include="01 GameObject\04 UI\03 Mouse">
      <UniqueIdentifier>{5bd0f84a-7dd4-496c-bb37-8cf8cdaf579c}</UniqueIdentifier>
    </Filter>
    <Filter Include="01 GameObject\99 Map">
      <UniqueIdentifier>{b97b8ec0-052a-4efa-97fc-b25b1d4c7dff}</UniqueIdentifier>
    </Filter>
    <Filter Include="01 GameObject\99 Map\Test">
      <UniqueIdentifier>{4a92ee4c-a22d-499f-a121-5f6b37ed4414}</UniqueIdentifier>
    </Filter>
    <Filter Include="01 GameObject\99 Map\Main">
      <UniqueIdentifier>{8ec2b0ef-b830-4c45-8a01-f87e8ce5a51a}</UniqueIdentifier>
    </Filter>
    <Filter Include="03 Scene\03 Stage">
      <UniqueIdentifier>{b0e8321d-965c-405d-aa67-8ae2d3ac4de7}</UniqueIdentifier>
    </Filter>
  </ItemGroup>
  <ItemGroup>
    <ClInclude Include="framework.h">
      <Filter>99 Default</Filter>
    </ClInclude>
    <ClInclude Include="MainApp.h">
      <Filter>00 MainApp</Filter>
    </ClInclude>
    <ClInclude Include="Client.h">
      <Filter>99 Default\Resources</Filter>
    </ClInclude>
    <ClInclude Include="Resource.h">
      <Filter>99 Default\Resources</Filter>
    </ClInclude>
    <ClInclude Include="targetver.h">
      <Filter>99 Default\Resources</Filter>
    </ClInclude>
    <ClInclude Include="DeviceMgr.h">
      <Filter>98 Managers\00 DeviceMgr</Filter>
    </ClInclude>
    <ClInclude Include="TimerMgr.h">
      <Filter>98 Managers\01 TimerMgr</Filter>
    </ClInclude>
    <ClInclude Include="Component.h">
      <Filter>02 Component</Filter>
    </ClInclude>
    <ClInclude Include="Texture.h">
      <Filter>02 Component\00 Texture</Filter>
    </ClInclude>
    <ClInclude Include="Shader.h">
      <Filter>02 Component\01 Shader</Filter>
    </ClInclude>
    <ClInclude Include="GameMgr.h">
      <Filter>97 Management\00 GameMgr</Filter>
    </ClInclude>
    <ClInclude Include="GameObject.h">
      <Filter>01 GameObject</Filter>
    </ClInclude>
    <ClInclude Include="Scene.h">
      <Filter>03 Scene</Filter>
    </ClInclude>
    <ClInclude Include="Loading.h">
      <Filter>03 Scene\00 Loading\Loading</Filter>
    </ClInclude>
    <ClInclude Include="Scene_Loading.h">
      <Filter>03 Scene\00 Loading</Filter>
    </ClInclude>
    <ClInclude Include="Scene_Title.h">
      <Filter>03 Scene\01 Title</Filter>
    </ClInclude>
    <ClInclude Include="TargetMgr.h">
      <Filter>98 Managers\05 TargetMgr</Filter>
    </ClInclude>
    <ClInclude Include="Target.h">
      <Filter>98 Managers\05 TargetMgr\RenderTarget</Filter>
    </ClInclude>
    <ClInclude Include="ShaderMgr.h">
      <Filter>98 Managers\04 ShaderMgr</Filter>
    </ClInclude>
    <ClInclude Include="Renderer.h">
      <Filter>97 Management\01 Renderer</Filter>
    </ClInclude>
    <ClInclude Include="ResourceMgr.h">
      <Filter>98 Managers\03 ResourceMgr</Filter>
    </ClInclude>
    <ClInclude Include="Animation.h">
      <Filter>02 Component\02 Animation</Filter>
    </ClInclude>
    <ClInclude Include="Player.h">
      <Filter>01 GameObject\00 Player</Filter>
    </ClInclude>
    <ClInclude Include="Camera.h">
      <Filter>01 GameObject\98 Camera</Filter>
    </ClInclude>
    <ClInclude Include="AnimatedSprite.h">
      <Filter>01 GameObject\04 UI\01 AnimatedSprite</Filter>
    </ClInclude>
    <ClInclude Include="Scene_Test.h">
      <Filter>03 Scene\99 Test</Filter>
    </ClInclude>
    <ClInclude Include="StaticSprite.h">
      <Filter>01 GameObject\04 UI\00 StaticSprite</Filter>
    </ClInclude>
    <ClInclude Include="InputMgr.h">
      <Filter>98 Managers\02 InputMgr</Filter>
    </ClInclude>
    <ClInclude Include="NetworkMgr.h">
      <Filter>98 Managers\99 NetworkMgr</Filter>
    </ClInclude>
    <ClInclude Include="NetworkPlayer.h">
      <Filter>01 GameObject\00 Player\NetworkPlayer</Filter>
    </ClInclude>
    <ClInclude Include="Font.h">
      <Filter>01 GameObject\04 UI\02 Font</Filter>
    </ClInclude>
    <ClInclude Include="PlayerState.h">
      <Filter>01 GameObject\00 Player\PlayerState</Filter>
    </ClInclude>
    <ClInclude Include="Scene_Customize.h">
      <Filter>03 Scene\02 Customize</Filter>
    </ClInclude>
    <ClInclude Include="PostCard.h">
      <Filter>01 GameObject\04 UI\99 Customize\Postcard</Filter>
    </ClInclude>
    <ClInclude Include="CustomPlayer.h">
      <Filter>01 GameObject\04 UI\99 Customize\CustomPlayer</Filter>
    </ClInclude>
    <ClInclude Include="ColorButton.h">
      <Filter>01 GameObject\04 UI\99 Customize\ColorButton</Filter>
    </ClInclude>
    <ClInclude Include="StateMachine.h">
      <Filter>02 Component\03 StateMachine</Filter>
    </ClInclude>
    <ClInclude Include="Weapon.h">
      <Filter>01 GameObject\01 Weapon</Filter>
    </ClInclude>
    <ClInclude Include="Chest.h">
      <Filter>01 GameObject\03 Chest</Filter>
    </ClInclude>
    <ClInclude Include="Mouse.h">
      <Filter>01 GameObject\04 UI\03 Mouse</Filter>
    </ClInclude>
    <ClInclude Include="Bullet.h">
      <Filter>01 GameObject\02 Bullet</Filter>
    </ClInclude>
    <ClInclude Include="TestMap.h">
      <Filter>01 GameObject\99 Map\Test</Filter>
    </ClInclude>
    <ClInclude Include="MainMap.h">
      <Filter>01 GameObject\99 Map\Main</Filter>
    </ClInclude>
    <ClInclude Include="Scene_Stage.h">
      <Filter>03 Scene\03 Stage</Filter>
    </ClInclude>
  </ItemGroup>
  <ItemGroup>
    <ResourceCompile Include="Client.rc">
      <Filter>99 Default\Resources</Filter>
    </ResourceCompile>
  </ItemGroup>
  <ItemGroup>
    <Image Include="small.ico">
      <Filter>99 Default\Resources</Filter>
    </Image>
    <Image Include="Client.ico">
      <Filter>99 Default\Resources</Filter>
    </Image>
  </ItemGroup>
  <ItemGroup>
    <ClCompile Include="Client.cpp">
      <Filter>99 Default</Filter>
    </ClCompile>
    <ClCompile Include="MainApp.cpp">
      <Filter>00 MainApp</Filter>
    </ClCompile>
    <ClCompile Include="DeviceMgr.cpp">
      <Filter>98 Managers\00 DeviceMgr</Filter>
    </ClCompile>
    <ClCompile Include="TimerMgr.cpp">
      <Filter>98 Managers\01 TimerMgr</Filter>
    </ClCompile>
    <ClCompile Include="Component.cpp">
      <Filter>02 Component</Filter>
    </ClCompile>
    <ClCompile Include="Texture.cpp">
      <Filter>02 Component\00 Texture</Filter>
    </ClCompile>
    <ClCompile Include="Shader.cpp">
      <Filter>02 Component\01 Shader</Filter>
    </ClCompile>
    <ClCompile Include="GameMgr.cpp">
      <Filter>97 Management\00 GameMgr</Filter>
    </ClCompile>
    <ClCompile Include="GameObject.cpp">
      <Filter>01 GameObject</Filter>
    </ClCompile>
    <ClCompile Include="Loading.cpp">
      <Filter>03 Scene\00 Loading\Loading</Filter>
    </ClCompile>
    <ClCompile Include="Scene_Loading.cpp">
      <Filter>03 Scene\00 Loading</Filter>
    </ClCompile>
    <ClCompile Include="Scene_Title.cpp">
      <Filter>03 Scene\01 Title</Filter>
    </ClCompile>
    <ClCompile Include="TargetMgr.cpp">
      <Filter>98 Managers\05 TargetMgr</Filter>
    </ClCompile>
    <ClCompile Include="Target.cpp">
      <Filter>98 Managers\05 TargetMgr\RenderTarget</Filter>
    </ClCompile>
    <ClCompile Include="ShaderMgr.cpp">
      <Filter>98 Managers\04 ShaderMgr</Filter>
    </ClCompile>
    <ClCompile Include="Renderer.cpp">
      <Filter>97 Management\01 Renderer</Filter>
    </ClCompile>
    <ClCompile Include="ResourceMgr.cpp">
      <Filter>98 Managers\03 ResourceMgr</Filter>
    </ClCompile>
    <ClCompile Include="Animation.cpp">
      <Filter>02 Component\02 Animation</Filter>
    </ClCompile>
    <ClCompile Include="Player.cpp">
      <Filter>01 GameObject\00 Player</Filter>
    </ClCompile>
    <ClCompile Include="Camera.cpp">
      <Filter>01 GameObject\98 Camera</Filter>
    </ClCompile>
    <ClCompile Include="AnimatedSprite.cpp">
      <Filter>01 GameObject\04 UI\01 AnimatedSprite</Filter>
    </ClCompile>
    <ClCompile Include="Scene_Test.cpp">
      <Filter>03 Scene\99 Test</Filter>
    </ClCompile>
    <ClCompile Include="StaticSprite.cpp">
      <Filter>01 GameObject\04 UI\00 StaticSprite</Filter>
    </ClCompile>
    <ClCompile Include="InputMgr.cpp">
      <Filter>98 Managers\02 InputMgr</Filter>
    </ClCompile>
    <ClCompile Include="NetworkMgr.cpp">
      <Filter>98 Managers\99 NetworkMgr</Filter>
    </ClCompile>
    <ClCompile Include="NetworkPlayer.cpp">
      <Filter>01 GameObject\00 Player\NetworkPlayer</Filter>
    </ClCompile>
    <ClCompile Include="Font.cpp">
      <Filter>01 GameObject\04 UI\02 Font</Filter>
    </ClCompile>
    <ClCompile Include="PlayerState.cpp">
      <Filter>01 GameObject\00 Player\PlayerState</Filter>
    </ClCompile>
    <ClCompile Include="Scene.cpp">
      <Filter>03 Scene</Filter>
    </ClCompile>
    <ClCompile Include="Scene_Customize.cpp">
      <Filter>03 Scene\02 Customize</Filter>
    </ClCompile>
    <ClCompile Include="PostCard.cpp">
      <Filter>01 GameObject\04 UI\99 Customize\Postcard</Filter>
    </ClCompile>
    <ClCompile Include="CustomPlayer.cpp">
      <Filter>01 GameObject\04 UI\99 Customize\CustomPlayer</Filter>
    </ClCompile>
    <ClCompile Include="ColorButton.cpp">
      <Filter>01 GameObject\04 UI\99 Customize\ColorButton</Filter>
    </ClCompile>
    <ClCompile Include="Weapon.cpp">
      <Filter>01 GameObject\01 Weapon</Filter>
    </ClCompile>
    <ClCompile Include="Chest.cpp">
      <Filter>01 GameObject\03 Chest</Filter>
    </ClCompile>
    <ClCompile Include="Mouse.cpp">
      <Filter>01 GameObject\04 UI\03 Mouse</Filter>
    </ClCompile>
    <ClCompile Include="Bullet.cpp">
      <Filter>01 GameObject\02 Bullet</Filter>
    </ClCompile>
    <ClCompile Include="TestMap.cpp">
      <Filter>01 GameObject\99 Map\Test</Filter>
    </ClCompile>
    <ClCompile Include="MainMap.cpp">
      <Filter>01 GameObject\99 Map\Main</Filter>
    </ClCompile>
    <ClCompile Include="Scene_Stage.cpp">
      <Filter>03 Scene\03 Stage</Filter>
    </ClCompile>
  </ItemGroup>
</Project>